
Microsoft Visual Studio Solution File, Format Version 12.00
# Visual Studio 15
VisualStudioVersion = 15.0.26430.13
MinimumVisualStudioVersion = 10.0.40219.1
Project("{2150E333-8FDC-42A3-9474-1A3956D46DE8}") = "0 - Presentation", "0 - Presentation", "{96ED9419-4942-4482-B185-7FFE1C81EABD}"
EndProject
Project("{2150E333-8FDC-42A3-9474-1A3956D46DE8}") = "1 - CrossCutting", "1 - CrossCutting", "{259CDD5B-197A-4E22-96C2-C50DAD22450B}"
EndProject
Project("{2150E333-8FDC-42A3-9474-1A3956D46DE8}") = "2 - BoundedContext", "2 - BoundedContext", "{778169D0-165D-4CE1-A340-3957B1BAD72B}"
EndProject
Project("{2150E333-8FDC-42A3-9474-1A3956D46DE8}") = "3 - Payment", "3 - Payment", "{37459005-F59D-4866-9705-0A613B463304}"
EndProject
Project("{2150E333-8FDC-42A3-9474-1A3956D46DE8}") = "99 - Tests", "99 - Tests", "{C4F38FDF-F7A5-4117-9F07-0E2BD135E7F9}"
EndProject
Project("{FAE04EC0-301F-11D3-BF4B-00C04F79EFBC}") = "TicketGames.API", "TicketGames.API\TicketGames.API.csproj", "{5AF51868-068D-4DDB-873A-E7A9E440485F}"
EndProject
Project("{FAE04EC0-301F-11D3-BF4B-00C04F79EFBC}") = "TicketGames.CrossCutting", "TicketGames.CrossCutting\TicketGames.CrossCutting.csproj", "{ABEE84E9-8AE5-4B03-A6FD-171B1E8A89C0}"
EndProject
Project("{FAE04EC0-301F-11D3-BF4B-00C04F79EFBC}") = "TicketGames.Domain", "TicketGames.Domain\TicketGames.Domain.csproj", "{B8527A9C-CE07-4EE8-9370-9B7B717056FD}"
EndProject
Project("{FAE04EC0-301F-11D3-BF4B-00C04F79EFBC}") = "TicketGames.Infrastructure", "TicketGames.Infrastructure\TicketGames.Infrastructure.csproj", "{DA61A192-7B25-402C-88B2-ECC979A1E633}"
EndProject
Project("{FAE04EC0-301F-11D3-BF4B-00C04F79EFBC}") = "TicketGames.PagSeguro", "TicketGames.PagSeguro\TicketGames.PagSeguro.csproj", "{0F5A2FFD-43BE-490F-8B32-BDB4CC91831E}"
EndProject
Project("{2150E333-8FDC-42A3-9474-1A3956D46DE8}") = "Payment", "Payment", "{0CE278AC-257E-4C16-945C-DA15AD981D42}"
EndProject
Project("{FAE04EC0-301F-11D3-BF4B-00C04F79EFBC}") = "TicktGames.PagSeguro.Tests", "TicktGames.PagSeguro.Tests\TicktGames.PagSeguro.Tests.csproj", "{2957365F-10C5-4C81-A9C1-B07397375B2B}"
EndProject
Project("{FAE04EC0-301F-11D3-BF4B-00C04F79EFBC}") = "TicketGames.Site", "TicketGames.Web\TicketGames.Site.csproj", "{BE2C601B-8595-48FB-A9BA-236D1C8FCDF6}"
EndProject
Global
	GlobalSection(SolutionConfigurationPlatforms) = preSolution
		Debug|Any CPU = Debug|Any CPU
		Release|Any CPU = Release|Any CPU
	EndGlobalSection
	GlobalSection(ProjectConfigurationPlatforms) = postSolution
		{5AF51868-068D-4DDB-873A-E7A9E440485F}.Debug|Any CPU.ActiveCfg = Debug|Any CPU
		{5AF51868-068D-4DDB-873A-E7A9E440485F}.Debug|Any CPU.Build.0 = Debug|Any CPU
		{5AF51868-068D-4DDB-873A-E7A9E440485F}.Release|Any CPU.ActiveCfg = Release|Any CPU
		{5AF51868-068D-4DDB-873A-E7A9E440485F}.Release|Any CPU.Build.0 = Release|Any CPU
		{ABEE84E9-8AE5-4B03-A6FD-171B1E8A89C0}.Debug|Any CPU.ActiveCfg = Debug|Any CPU
		{ABEE84E9-8AE5-4B03-A6FD-171B1E8A89C0}.Debug|Any CPU.Build.0 = Debug|Any CPU
		{ABEE84E9-8AE5-4B03-A6FD-171B1E8A89C0}.Release|Any CPU.ActiveCfg = Release|Any CPU
		{ABEE84E9-8AE5-4B03-A6FD-171B1E8A89C0}.Release|Any CPU.Build.0 = Release|Any CPU
		{B8527A9C-CE07-4EE8-9370-9B7B717056FD}.Debug|Any CPU.ActiveCfg = Debug|Any CPU
		{B8527A9C-CE07-4EE8-9370-9B7B717056FD}.Debug|Any CPU.Build.0 = Debug|Any CPU
		{B8527A9C-CE07-4EE8-9370-9B7B717056FD}.Release|Any CPU.ActiveCfg = Release|Any CPU
		{B8527A9C-CE07-4EE8-9370-9B7B717056FD}.Release|Any CPU.Build.0 = Release|Any CPU
		{DA61A192-7B25-402C-88B2-ECC979A1E633}.Debug|Any CPU.ActiveCfg = Debug|Any CPU
		{DA61A192-7B25-402C-88B2-ECC979A1E633}.Debug|Any CPU.Build.0 = Debug|Any CPU
		{DA61A192-7B25-402C-88B2-ECC979A1E633}.Release|Any CPU.ActiveCfg = Release|Any CPU
		{DA61A192-7B25-402C-88B2-ECC979A1E633}.Release|Any CPU.Build.0 = Release|Any CPU
		{0F5A2FFD-43BE-490F-8B32-BDB4CC91831E}.Debug|Any CPU.ActiveCfg = Debug|Any CPU
		{0F5A2FFD-43BE-490F-8B32-BDB4CC91831E}.Debug|Any CPU.Build.0 = Debug|Any CPU
		{0F5A2FFD-43BE-490F-8B32-BDB4CC91831E}.Release|Any CPU.ActiveCfg = Release|Any CPU
		{0F5A2FFD-43BE-490F-8B32-BDB4CC91831E}.Release|Any CPU.Build.0 = Release|Any CPU
		{2957365F-10C5-4C81-A9C1-B07397375B2B}.Debug|Any CPU.ActiveCfg = Debug|Any CPU
		{2957365F-10C5-4C81-A9C1-B07397375B2B}.Debug|Any CPU.Build.0 = Debug|Any CPU
		{2957365F-10C5-4C81-A9C1-B07397375B2B}.Release|Any CPU.ActiveCfg = Release|Any CPU
		{2957365F-10C5-4C81-A9C1-B07397375B2B}.Release|Any CPU.Build.0 = Release|Any CPU
		{BE2C601B-8595-48FB-A9BA-236D1C8FCDF6}.Debug|Any CPU.ActiveCfg = Debug|Any CPU
		{BE2C601B-8595-48FB-A9BA-236D1C8FCDF6}.Debug|Any CPU.Build.0 = Debug|Any CPU
		{BE2C601B-8595-48FB-A9BA-236D1C8FCDF6}.Release|Any CPU.ActiveCfg = Release|Any CPU
		{BE2C601B-8595-48FB-A9BA-236D1C8FCDF6}.Release|Any CPU.Build.0 = Release|Any CPU
	EndGlobalSection
	GlobalSection(SolutionProperties) = preSolution
		HideSolutionNode = FALSE
	EndGlobalSection
	GlobalSection(NestedProjects) = preSolution
		{5AF51868-068D-4DDB-873A-E7A9E440485F} = {96ED9419-4942-4482-B185-7FFE1C81EABD}
		{ABEE84E9-8AE5-4B03-A6FD-171B1E8A89C0} = {259CDD5B-197A-4E22-96C2-C50DAD22450B}
		{B8527A9C-CE07-4EE8-9370-9B7B717056FD} = {778169D0-165D-4CE1-A340-3957B1BAD72B}
		{DA61A192-7B25-402C-88B2-ECC979A1E633} = {778169D0-165D-4CE1-A340-3957B1BAD72B}
		{0F5A2FFD-43BE-490F-8B32-BDB4CC91831E} = {37459005-F59D-4866-9705-0A613B463304}
		{0CE278AC-257E-4C16-945C-DA15AD981D42} = {C4F38FDF-F7A5-4117-9F07-0E2BD135E7F9}
		{2957365F-10C5-4C81-A9C1-B07397375B2B} = {0CE278AC-257E-4C16-945C-DA15AD981D42}
		{BE2C601B-8595-48FB-A9BA-236D1C8FCDF6} = {96ED9419-4942-4482-B185-7FFE1C81EABD}
	EndGlobalSection
EndGlobal
